
Microsoft Visual Studio Solution File, Format Version 12.00
# Visual Studio 2015
Project("{FAE04EC0-301F-11D3-BF4B-00C04F79EFBC}") = "BigSoldier", "BigSoldier.csproj", "{80BF2518-EB72-4707-829E-8B993E3A3931}"
EndProject
Project("{FAE04EC0-301F-11D3-BF4B-00C04F79EFBC}") = "BigSoldier.Editor", "BigSoldier.Editor.csproj", "{2C9D4FCA-9E89-AE82-3C24-2FF016458AB8}"
EndProject
Global
	GlobalSection(SolutionConfigurationPlatforms) = preSolution
		Debug|Any CPU = Debug|Any CPU
		Release|Any CPU = Release|Any CPU
	EndGlobalSection
	GlobalSection(ProjectConfigurationPlatforms) = postSolution
		{80BF2518-EB72-4707-829E-8B993E3A3931}.Debug|Any CPU.ActiveCfg = Debug|Any CPU
		{80BF2518-EB72-4707-829E-8B993E3A3931}.Debug|Any CPU.Build.0 = Debug|Any CPU
		{80BF2518-EB72-4707-829E-8B993E3A3931}.Release|Any CPU.ActiveCfg = Release|Any CPU
		{80BF2518-EB72-4707-829E-8B993E3A3931}.Release|Any CPU.Build.0 = Release|Any CPU
		{2C9D4FCA-9E89-AE82-3C24-2FF016458AB8}.Debug|Any CPU.ActiveCfg = Debug|Any CPU
		{2C9D4FCA-9E89-AE82-3C24-2FF016458AB8}.Debug|Any CPU.Build.0 = Debug|Any CPU
		{2C9D4FCA-9E89-AE82-3C24-2FF016458AB8}.Release|Any CPU.ActiveCfg = Release|Any CPU
		{2C9D4FCA-9E89-AE82-3C24-2FF016458AB8}.Release|Any CPU.Build.0 = Release|Any CPU
	EndGlobalSection
	GlobalSection(SolutionProperties) = preSolution
		HideSolutionNode = FALSE
	EndGlobalSection
EndGlobal
